
Microsoft Visual Studio Solution File, Format Version 12.00
# Visual Studio 15
VisualStudioVersion = 15.0.28010.2046
MinimumVisualStudioVersion = 10.0.40219.1
Project("{8BC9CEB8-8B4A-11D0-8D11-00A0C91BC942}") = "1 类模板的基本语法", "C++基础09\C++基础09.vcxproj", "{0ED91E2C-AE3B-4EE1-BAE4-62C012F02B85}"
EndProject
Project("{8BC9CEB8-8B4A-11D0-8D11-00A0C91BC942}") = "3 复数模板类的实现", "3 复数模板类的实现\3 复数模板类的实现.vcxproj", "{0560AEBF-7A0C-4F9A-AC07-7BAFA178CB23}"
EndProject
Project("{8BC9CEB8-8B4A-11D0-8D11-00A0C91BC942}") = "4 复数模板类多文件形式", "4 复数模板类多文件形式\4 复数模板类多文件形式.vcxproj", "{F6F8239D-7DAD-4031-8618-F62657515A2E}"
EndProject
Project("{8BC9CEB8-8B4A-11D0-8D11-00A0C91BC942}") = "5 模板类中的static", "5 模板类中的static\5 模板类中的static.vcxproj", "{FB64456A-4371-48C9-9898-9A9866133289}"
EndProject
Project("{8BC9CEB8-8B4A-11D0-8D11-00A0C91BC942}") = "6 自定义的模板类", "6 自定义的模板类\6 自定义的模板类.vcxproj", "{AAD96ED6-A3C9-41E1-82F2-BA73B608F14B}"
EndProject
Global
	GlobalSection(SolutionConfigurationPlatforms) = preSolution
		Debug|x64 = Debug|x64
		Debug|x86 = Debug|x86
		Release|x64 = Release|x64
		Release|x86 = Release|x86
	EndGlobalSection
	GlobalSection(ProjectConfigurationPlatforms) = postSolution
		{0ED91E2C-AE3B-4EE1-BAE4-62C012F02B85}.Debug|x64.ActiveCfg = Debug|x64
		{0ED91E2C-AE3B-4EE1-BAE4-62C012F02B85}.Debug|x64.Build.0 = Debug|x64
		{0ED91E2C-AE3B-4EE1-BAE4-62C012F02B85}.Debug|x86.ActiveCfg = Debug|Win32
		{0ED91E2C-AE3B-4EE1-BAE4-62C012F02B85}.Debug|x86.Build.0 = Debug|Win32
		{0ED91E2C-AE3B-4EE1-BAE4-62C012F02B85}.Release|x64.ActiveCfg = Release|x64
		{0ED91E2C-AE3B-4EE1-BAE4-62C012F02B85}.Release|x64.Build.0 = Release|x64
		{0ED91E2C-AE3B-4EE1-BAE4-62C012F02B85}.Release|x86.ActiveCfg = Release|Win32
		{0ED91E2C-AE3B-4EE1-BAE4-62C012F02B85}.Release|x86.Build.0 = Release|Win32
		{0560AEBF-7A0C-4F9A-AC07-7BAFA178CB23}.Debug|x64.ActiveCfg = Debug|x64
		{0560AEBF-7A0C-4F9A-AC07-7BAFA178CB23}.Debug|x64.Build.0 = Debug|x64
		{0560AEBF-7A0C-4F9A-AC07-7BAFA178CB23}.Debug|x86.ActiveCfg = Debug|Win32
		{0560AEBF-7A0C-4F9A-AC07-7BAFA178CB23}.Debug|x86.Build.0 = Debug|Win32
		{0560AEBF-7A0C-4F9A-AC07-7BAFA178CB23}.Release|x64.ActiveCfg = Release|x64
		{0560AEBF-7A0C-4F9A-AC07-7BAFA178CB23}.Release|x64.Build.0 = Release|x64
		{0560AEBF-7A0C-4F9A-AC07-7BAFA178CB23}.Release|x86.ActiveCfg = Release|Win32
		{0560AEBF-7A0C-4F9A-AC07-7BAFA178CB23}.Release|x86.Build.0 = Release|Win32
		{F6F8239D-7DAD-4031-8618-F62657515A2E}.Debug|x64.ActiveCfg = Debug|x64
		{F6F8239D-7DAD-4031-8618-F62657515A2E}.Debug|x64.Build.0 = Debug|x64
		{F6F8239D-7DAD-4031-8618-F62657515A2E}.Debug|x86.ActiveCfg = Debug|Win32
		{F6F8239D-7DAD-4031-8618-F62657515A2E}.Debug|x86.Build.0 = Debug|Win32
		{F6F8239D-7DAD-4031-8618-F62657515A2E}.Release|x64.ActiveCfg = Release|x64
		{F6F8239D-7DAD-4031-8618-F62657515A2E}.Release|x64.Build.0 = Release|x64
		{F6F8239D-7DAD-4031-8618-F62657515A2E}.Release|x86.ActiveCfg = Release|Win32
		{F6F8239D-7DAD-4031-8618-F62657515A2E}.Release|x86.Build.0 = Release|Win32
		{FB64456A-4371-48C9-9898-9A9866133289}.Debug|x64.ActiveCfg = Debug|x64
		{FB64456A-4371-48C9-9898-9A9866133289}.Debug|x64.Build.0 = Debug|x64
		{FB64456A-4371-48C9-9898-9A9866133289}.Debug|x86.ActiveCfg = Debug|Win32
		{FB64456A-4371-48C9-9898-9A9866133289}.Debug|x86.Build.0 = Debug|Win32
		{FB64456A-4371-48C9-9898-9A9866133289}.Release|x64.ActiveCfg = Release|x64
		{FB64456A-4371-48C9-9898-9A9866133289}.Release|x64.Build.0 = Release|x64
		{FB64456A-4371-48C9-9898-9A9866133289}.Release|x86.ActiveCfg = Release|Win32
		{FB64456A-4371-48C9-9898-9A9866133289}.Release|x86.Build.0 = Release|Win32
		{AAD96ED6-A3C9-41E1-82F2-BA73B608F14B}.Debug|x64.ActiveCfg = Debug|x64
		{AAD96ED6-A3C9-41E1-82F2-BA73B608F14B}.Debug|x64.Build.0 = Debug|x64
		{AAD96ED6-A3C9-41E1-82F2-BA73B608F14B}.Debug|x86.ActiveCfg = Debug|Win32
		{AAD96ED6-A3C9-41E1-82F2-BA73B608F14B}.Debug|x86.Build.0 = Debug|Win32
		{AAD96ED6-A3C9-41E1-82F2-BA73B608F14B}.Release|x64.ActiveCfg = Release|x64
		{AAD96ED6-A3C9-41E1-82F2-BA73B608F14B}.Release|x64.Build.0 = Release|x64
		{AAD96ED6-A3C9-41E1-82F2-BA73B608F14B}.Release|x86.ActiveCfg = Release|Win32
		{AAD96ED6-A3C9-41E1-82F2-BA73B608F14B}.Release|x86.Build.0 = Release|Win32
	EndGlobalSection
	GlobalSection(SolutionProperties) = preSolution
		HideSolutionNode = FALSE
	EndGlobalSection
	GlobalSection(ExtensibilityGlobals) = postSolution
		SolutionGuid = {1CCDA4B3-D8A0-4893-96B5-F22894B3B63B}
	EndGlobalSection
EndGlobal
