
Microsoft Visual Studio Solution File, Format Version 12.00
# Visual Studio 15
VisualStudioVersion = 15.0.28010.2046
MinimumVisualStudioVersion = 10.0.40219.1
Project("{8BC9CEB8-8B4A-11D0-8D11-00A0C91BC942}") = "2 构造函数", "C++基础03\C++基础03.vcxproj", "{9B5223C4-2080-423F-9AD9-F3636E854BE2}"
EndProject
Project("{8BC9CEB8-8B4A-11D0-8D11-00A0C91BC942}") = "3 构造函数的分类和析构顺序", "3 构造函数的分类和析构顺序\3 构造函数的分类和析构顺序.vcxproj", "{FC49C828-6F09-4993-B294-C0C70644D922}"
EndProject
Project("{8BC9CEB8-8B4A-11D0-8D11-00A0C91BC942}") = "4 默认的拷贝构造函数和默认构造函数", "4 默认的拷贝构造函数和默认构造函数\4 默认的拷贝构造函数和默认构造函数.vcxproj", "{9EC62178-70D1-4762-A8F9-4778233E890A}"
EndProject
Project("{8BC9CEB8-8B4A-11D0-8D11-00A0C91BC942}") = "6 深拷贝和浅拷贝", "6 深拷贝和浅拷贝\6 深拷贝和浅拷贝.vcxproj", "{C172F0FD-4DE6-4357-8C64-ACCE20A4D295}"
EndProject
Project("{8BC9CEB8-8B4A-11D0-8D11-00A0C91BC942}") = "7 构造函数的初始化列表", "7 构造函数的初始化列表\7 构造函数的初始化列表.vcxproj", "{7EE156DE-3AC1-46B0-A2CB-6853D0DEFD0B}"
EndProject
Global
	GlobalSection(SolutionConfigurationPlatforms) = preSolution
		Debug|x64 = Debug|x64
		Debug|x86 = Debug|x86
		Release|x64 = Release|x64
		Release|x86 = Release|x86
	EndGlobalSection
	GlobalSection(ProjectConfigurationPlatforms) = postSolution
		{9B5223C4-2080-423F-9AD9-F3636E854BE2}.Debug|x64.ActiveCfg = Debug|x64
		{9B5223C4-2080-423F-9AD9-F3636E854BE2}.Debug|x64.Build.0 = Debug|x64
		{9B5223C4-2080-423F-9AD9-F3636E854BE2}.Debug|x86.ActiveCfg = Debug|Win32
		{9B5223C4-2080-423F-9AD9-F3636E854BE2}.Debug|x86.Build.0 = Debug|Win32
		{9B5223C4-2080-423F-9AD9-F3636E854BE2}.Release|x64.ActiveCfg = Release|x64
		{9B5223C4-2080-423F-9AD9-F3636E854BE2}.Release|x64.Build.0 = Release|x64
		{9B5223C4-2080-423F-9AD9-F3636E854BE2}.Release|x86.ActiveCfg = Release|Win32
		{9B5223C4-2080-423F-9AD9-F3636E854BE2}.Release|x86.Build.0 = Release|Win32
		{FC49C828-6F09-4993-B294-C0C70644D922}.Debug|x64.ActiveCfg = Debug|x64
		{FC49C828-6F09-4993-B294-C0C70644D922}.Debug|x64.Build.0 = Debug|x64
		{FC49C828-6F09-4993-B294-C0C70644D922}.Debug|x86.ActiveCfg = Debug|Win32
		{FC49C828-6F09-4993-B294-C0C70644D922}.Debug|x86.Build.0 = Debug|Win32
		{FC49C828-6F09-4993-B294-C0C70644D922}.Release|x64.ActiveCfg = Release|x64
		{FC49C828-6F09-4993-B294-C0C70644D922}.Release|x64.Build.0 = Release|x64
		{FC49C828-6F09-4993-B294-C0C70644D922}.Release|x86.ActiveCfg = Release|Win32
		{FC49C828-6F09-4993-B294-C0C70644D922}.Release|x86.Build.0 = Release|Win32
		{9EC62178-70D1-4762-A8F9-4778233E890A}.Debug|x64.ActiveCfg = Debug|x64
		{9EC62178-70D1-4762-A8F9-4778233E890A}.Debug|x64.Build.0 = Debug|x64
		{9EC62178-70D1-4762-A8F9-4778233E890A}.Debug|x86.ActiveCfg = Debug|Win32
		{9EC62178-70D1-4762-A8F9-4778233E890A}.Debug|x86.Build.0 = Debug|Win32
		{9EC62178-70D1-4762-A8F9-4778233E890A}.Release|x64.ActiveCfg = Release|x64
		{9EC62178-70D1-4762-A8F9-4778233E890A}.Release|x64.Build.0 = Release|x64
		{9EC62178-70D1-4762-A8F9-4778233E890A}.Release|x86.ActiveCfg = Release|Win32
		{9EC62178-70D1-4762-A8F9-4778233E890A}.Release|x86.Build.0 = Release|Win32
		{C172F0FD-4DE6-4357-8C64-ACCE20A4D295}.Debug|x64.ActiveCfg = Debug|x64
		{C172F0FD-4DE6-4357-8C64-ACCE20A4D295}.Debug|x64.Build.0 = Debug|x64
		{C172F0FD-4DE6-4357-8C64-ACCE20A4D295}.Debug|x86.ActiveCfg = Debug|Win32
		{C172F0FD-4DE6-4357-8C64-ACCE20A4D295}.Debug|x86.Build.0 = Debug|Win32
		{C172F0FD-4DE6-4357-8C64-ACCE20A4D295}.Release|x64.ActiveCfg = Release|x64
		{C172F0FD-4DE6-4357-8C64-ACCE20A4D295}.Release|x64.Build.0 = Release|x64
		{C172F0FD-4DE6-4357-8C64-ACCE20A4D295}.Release|x86.ActiveCfg = Release|Win32
		{C172F0FD-4DE6-4357-8C64-ACCE20A4D295}.Release|x86.Build.0 = Release|Win32
		{7EE156DE-3AC1-46B0-A2CB-6853D0DEFD0B}.Debug|x64.ActiveCfg = Debug|x64
		{7EE156DE-3AC1-46B0-A2CB-6853D0DEFD0B}.Debug|x64.Build.0 = Debug|x64
		{7EE156DE-3AC1-46B0-A2CB-6853D0DEFD0B}.Debug|x86.ActiveCfg = Debug|Win32
		{7EE156DE-3AC1-46B0-A2CB-6853D0DEFD0B}.Debug|x86.Build.0 = Debug|Win32
		{7EE156DE-3AC1-46B0-A2CB-6853D0DEFD0B}.Release|x64.ActiveCfg = Release|x64
		{7EE156DE-3AC1-46B0-A2CB-6853D0DEFD0B}.Release|x64.Build.0 = Release|x64
		{7EE156DE-3AC1-46B0-A2CB-6853D0DEFD0B}.Release|x86.ActiveCfg = Release|Win32
		{7EE156DE-3AC1-46B0-A2CB-6853D0DEFD0B}.Release|x86.Build.0 = Release|Win32
	EndGlobalSection
	GlobalSection(SolutionProperties) = preSolution
		HideSolutionNode = FALSE
	EndGlobalSection
	GlobalSection(ExtensibilityGlobals) = postSolution
		SolutionGuid = {3A2FF324-4A7C-46E3-9324-7047159879C4}
	EndGlobalSection
EndGlobal
