
Microsoft Visual Studio Solution File, Format Version 12.00
# Visual Studio 15
VisualStudioVersion = 15.0.28010.2046
MinimumVisualStudioVersion = 10.0.40219.1
Project("{8BC9CEB8-8B4A-11D0-8D11-00A0C91BC942}") = "1 内联函数", "C++基础02\C++基础02.vcxproj", "{E43A4534-3A0F-452F-A46E-A8894424CA99}"
EndProject
Project("{8BC9CEB8-8B4A-11D0-8D11-00A0C91BC942}") = "2 默认参数和占位符", "2 默认参数和占位符\2 默认参数和占位符.vcxproj", "{73695A1D-7EC2-4275-948B-43F157AB65E3}"
EndProject
Project("{8BC9CEB8-8B4A-11D0-8D11-00A0C91BC942}") = "3 函数重载", "3 函数重载\3 函数重载.vcxproj", "{B1377BCF-65E5-4CD4-BA8B-27FEA6BAA375}"
EndProject
Project("{8BC9CEB8-8B4A-11D0-8D11-00A0C91BC942}") = "4 函数指针和函数重载", "4 函数指针和函数重载\4 函数指针和函数重载.vcxproj", "{AF219074-52E3-434C-9DD6-2F55BF20BA16}"
EndProject
Project("{8BC9CEB8-8B4A-11D0-8D11-00A0C91BC942}") = "5 类和对象", "5 类和对象\5 类和对象.vcxproj", "{249E4D0E-D230-45B9-A975-40166604EA6C}"
EndProject
Project("{8BC9CEB8-8B4A-11D0-8D11-00A0C91BC942}") = "6 类的封装", "6 类的封装\6 类的封装.vcxproj", "{88AAB226-5400-4B2B-8294-08A298BBC5E7}"
EndProject
Project("{8BC9CEB8-8B4A-11D0-8D11-00A0C91BC942}") = "7 面向对象和面向过程", "7 面向对象和面向过程\7 面向对象和面向过程.vcxproj", "{684239C3-FF64-400E-AE70-AC1417649154}"
EndProject
Project("{8BC9CEB8-8B4A-11D0-8D11-00A0C91BC942}") = "8 求圆周长和面积", "8 求圆周长和面积\8 求圆周长和面积.vcxproj", "{9270FE2E-EA28-4EC1-B076-5B53A2BB4B3F}"
EndProject
Global
	GlobalSection(SolutionConfigurationPlatforms) = preSolution
		Debug|x64 = Debug|x64
		Debug|x86 = Debug|x86
		Release|x64 = Release|x64
		Release|x86 = Release|x86
	EndGlobalSection
	GlobalSection(ProjectConfigurationPlatforms) = postSolution
		{E43A4534-3A0F-452F-A46E-A8894424CA99}.Debug|x64.ActiveCfg = Debug|x64
		{E43A4534-3A0F-452F-A46E-A8894424CA99}.Debug|x64.Build.0 = Debug|x64
		{E43A4534-3A0F-452F-A46E-A8894424CA99}.Debug|x86.ActiveCfg = Debug|Win32
		{E43A4534-3A0F-452F-A46E-A8894424CA99}.Debug|x86.Build.0 = Debug|Win32
		{E43A4534-3A0F-452F-A46E-A8894424CA99}.Release|x64.ActiveCfg = Release|x64
		{E43A4534-3A0F-452F-A46E-A8894424CA99}.Release|x64.Build.0 = Release|x64
		{E43A4534-3A0F-452F-A46E-A8894424CA99}.Release|x86.ActiveCfg = Release|Win32
		{E43A4534-3A0F-452F-A46E-A8894424CA99}.Release|x86.Build.0 = Release|Win32
		{73695A1D-7EC2-4275-948B-43F157AB65E3}.Debug|x64.ActiveCfg = Debug|x64
		{73695A1D-7EC2-4275-948B-43F157AB65E3}.Debug|x64.Build.0 = Debug|x64
		{73695A1D-7EC2-4275-948B-43F157AB65E3}.Debug|x86.ActiveCfg = Debug|Win32
		{73695A1D-7EC2-4275-948B-43F157AB65E3}.Debug|x86.Build.0 = Debug|Win32
		{73695A1D-7EC2-4275-948B-43F157AB65E3}.Release|x64.ActiveCfg = Release|x64
		{73695A1D-7EC2-4275-948B-43F157AB65E3}.Release|x64.Build.0 = Release|x64
		{73695A1D-7EC2-4275-948B-43F157AB65E3}.Release|x86.ActiveCfg = Release|Win32
		{73695A1D-7EC2-4275-948B-43F157AB65E3}.Release|x86.Build.0 = Release|Win32
		{B1377BCF-65E5-4CD4-BA8B-27FEA6BAA375}.Debug|x64.ActiveCfg = Debug|x64
		{B1377BCF-65E5-4CD4-BA8B-27FEA6BAA375}.Debug|x64.Build.0 = Debug|x64
		{B1377BCF-65E5-4CD4-BA8B-27FEA6BAA375}.Debug|x86.ActiveCfg = Debug|Win32
		{B1377BCF-65E5-4CD4-BA8B-27FEA6BAA375}.Debug|x86.Build.0 = Debug|Win32
		{B1377BCF-65E5-4CD4-BA8B-27FEA6BAA375}.Release|x64.ActiveCfg = Release|x64
		{B1377BCF-65E5-4CD4-BA8B-27FEA6BAA375}.Release|x64.Build.0 = Release|x64
		{B1377BCF-65E5-4CD4-BA8B-27FEA6BAA375}.Release|x86.ActiveCfg = Release|Win32
		{B1377BCF-65E5-4CD4-BA8B-27FEA6BAA375}.Release|x86.Build.0 = Release|Win32
		{AF219074-52E3-434C-9DD6-2F55BF20BA16}.Debug|x64.ActiveCfg = Debug|x64
		{AF219074-52E3-434C-9DD6-2F55BF20BA16}.Debug|x64.Build.0 = Debug|x64
		{AF219074-52E3-434C-9DD6-2F55BF20BA16}.Debug|x86.ActiveCfg = Debug|Win32
		{AF219074-52E3-434C-9DD6-2F55BF20BA16}.Debug|x86.Build.0 = Debug|Win32
		{AF219074-52E3-434C-9DD6-2F55BF20BA16}.Release|x64.ActiveCfg = Release|x64
		{AF219074-52E3-434C-9DD6-2F55BF20BA16}.Release|x64.Build.0 = Release|x64
		{AF219074-52E3-434C-9DD6-2F55BF20BA16}.Release|x86.ActiveCfg = Release|Win32
		{AF219074-52E3-434C-9DD6-2F55BF20BA16}.Release|x86.Build.0 = Release|Win32
		{249E4D0E-D230-45B9-A975-40166604EA6C}.Debug|x64.ActiveCfg = Debug|x64
		{249E4D0E-D230-45B9-A975-40166604EA6C}.Debug|x64.Build.0 = Debug|x64
		{249E4D0E-D230-45B9-A975-40166604EA6C}.Debug|x86.ActiveCfg = Debug|Win32
		{249E4D0E-D230-45B9-A975-40166604EA6C}.Debug|x86.Build.0 = Debug|Win32
		{249E4D0E-D230-45B9-A975-40166604EA6C}.Release|x64.ActiveCfg = Release|x64
		{249E4D0E-D230-45B9-A975-40166604EA6C}.Release|x64.Build.0 = Release|x64
		{249E4D0E-D230-45B9-A975-40166604EA6C}.Release|x86.ActiveCfg = Release|Win32
		{249E4D0E-D230-45B9-A975-40166604EA6C}.Release|x86.Build.0 = Release|Win32
		{88AAB226-5400-4B2B-8294-08A298BBC5E7}.Debug|x64.ActiveCfg = Debug|x64
		{88AAB226-5400-4B2B-8294-08A298BBC5E7}.Debug|x64.Build.0 = Debug|x64
		{88AAB226-5400-4B2B-8294-08A298BBC5E7}.Debug|x86.ActiveCfg = Debug|Win32
		{88AAB226-5400-4B2B-8294-08A298BBC5E7}.Debug|x86.Build.0 = Debug|Win32
		{88AAB226-5400-4B2B-8294-08A298BBC5E7}.Release|x64.ActiveCfg = Release|x64
		{88AAB226-5400-4B2B-8294-08A298BBC5E7}.Release|x64.Build.0 = Release|x64
		{88AAB226-5400-4B2B-8294-08A298BBC5E7}.Release|x86.ActiveCfg = Release|Win32
		{88AAB226-5400-4B2B-8294-08A298BBC5E7}.Release|x86.Build.0 = Release|Win32
		{684239C3-FF64-400E-AE70-AC1417649154}.Debug|x64.ActiveCfg = Debug|x64
		{684239C3-FF64-400E-AE70-AC1417649154}.Debug|x64.Build.0 = Debug|x64
		{684239C3-FF64-400E-AE70-AC1417649154}.Debug|x86.ActiveCfg = Debug|Win32
		{684239C3-FF64-400E-AE70-AC1417649154}.Debug|x86.Build.0 = Debug|Win32
		{684239C3-FF64-400E-AE70-AC1417649154}.Release|x64.ActiveCfg = Release|x64
		{684239C3-FF64-400E-AE70-AC1417649154}.Release|x64.Build.0 = Release|x64
		{684239C3-FF64-400E-AE70-AC1417649154}.Release|x86.ActiveCfg = Release|Win32
		{684239C3-FF64-400E-AE70-AC1417649154}.Release|x86.Build.0 = Release|Win32
		{9270FE2E-EA28-4EC1-B076-5B53A2BB4B3F}.Debug|x64.ActiveCfg = Debug|x64
		{9270FE2E-EA28-4EC1-B076-5B53A2BB4B3F}.Debug|x64.Build.0 = Debug|x64
		{9270FE2E-EA28-4EC1-B076-5B53A2BB4B3F}.Debug|x86.ActiveCfg = Debug|Win32
		{9270FE2E-EA28-4EC1-B076-5B53A2BB4B3F}.Debug|x86.Build.0 = Debug|Win32
		{9270FE2E-EA28-4EC1-B076-5B53A2BB4B3F}.Release|x64.ActiveCfg = Release|x64
		{9270FE2E-EA28-4EC1-B076-5B53A2BB4B3F}.Release|x64.Build.0 = Release|x64
		{9270FE2E-EA28-4EC1-B076-5B53A2BB4B3F}.Release|x86.ActiveCfg = Release|Win32
		{9270FE2E-EA28-4EC1-B076-5B53A2BB4B3F}.Release|x86.Build.0 = Release|Win32
	EndGlobalSection
	GlobalSection(SolutionProperties) = preSolution
		HideSolutionNode = FALSE
	EndGlobalSection
	GlobalSection(ExtensibilityGlobals) = postSolution
		SolutionGuid = {1BD90419-D1CF-43DF-A571-EBE5F9CD7E6D}
	EndGlobalSection
EndGlobal
